Microsoft Visual Studio Solution File, Format Version 12.00
# Visual Studio Version 17
VisualStudioVersion = 17.0.31903.59
MinimumVisualStudioVersion = 10.0.40219.1
Project("{FAE04EC0-301F-11D3-BF4B-00C04F79EFBC}") = "Learnify.Core", "Learnify.Core\Learnify.Core.csproj", "{A1B2C3D4-E5F6-7890-ABCD-EF1234567890}"
EndProject
Project("{FAE04EC0-301F-11D3-BF4B-00C04F79EFBC}") = "Learnify.Identity.API", "Learnify.Identity.API\Learnify.Identity.API.csproj", "{B2C3D4E5-F6G7-8901-BCDE-F23456789012}"
EndProject
Project("{FAE04EC0-301F-11D3-BF4B-00C04F79EFBC}") = "Learnify.Courses.API", "Learnify.Courses.API\Learnify.Courses.API.csproj", "{C3D4E5F6-G7H8-9012-CDEF-345678901234}"
EndProject
Project("{FAE04EC0-301F-11D3-BF4B-00C04F79EFBC}") = "Learnify.Curriculum.API", "Learnify.Curriculum.API\Learnify.Curriculum.API.csproj", "{D4E5F6G7-H8I9-0123-DEF4-456789012345}"
EndProject
Project("{FAE04EC0-301F-11D3-BF4B-00C04F79EFBC}") = "Learnify.Exams.API", "Learnify.Exams.API\Learnify.Exams.API.csproj", "{E5F6G7H8-I9J0-1234-EF56-567890123456}"
EndProject
Project("{FAE04EC0-301F-11D3-BF4B-00C04F79EFBC}") = "Learnify.Registration.API", "Learnify.Registration.API\Learnify.Registration.API.csproj", "{F6G7H8I9-J0K1-2345-F67A-678901234567}"
EndProject
Project("{FAE04EC0-301F-11D3-BF4B-00C04F79EFBC}") = "Learnify.Reviews.API", "Learnify.Reviews.API\Learnify.Reviews.API.csproj", "{G7H8I9J0-K1L2-3456-78AB-789012345678}"
EndProject
Project("{FAE04EC0-301F-11D3-BF4B-00C04F79EFBC}") = "Learnify.Tracking.API", "Learnify.Tracking.API\Learnify.Tracking.API.csproj", "{H8I9J0K1-L2M3-4567-89BC-890123456789}"
EndProject
Project("{FAE04EC0-301F-11D3-BF4B-00C04F79EFBC}") = "Learnify.Analytics.API", "Learnify.Analytics.API\Learnify.Analytics.API.csproj", "{I9J0K1L2-M3N4-5678-9ACD-901234567890}"
EndProject
Project("{FAE04EC0-301F-11D3-BF4B-00C04F79EFBC}") = "Learnify.Gateway", "Learnify.Gateway\Learnify.Gateway.csproj", "{J0K1L2M3-N4O5-6789-ABDE-012345678901}"
EndProject
Global
	GlobalSection(SolutionConfigurationPlatforms) = preSolution
		Debug|Any CPU = Debug|Any CPU
		Release|Any CPU = Release|Any CPU
	EndGlobalSection
	GlobalSection(ProjectConfigurationPlatforms) = postSolution
		{A1B2C3D4-E5F6-7890-ABCD-EF1234567890}.Debug|Any CPU.ActiveCfg = Debug|Any CPU
		{A1B2C3D4-E5F6-7890-ABCD-EF1234567890}.Debug|Any CPU.Build.0 = Debug|Any CPU
		{A1B2C3D4-E5F6-7890-ABCD-EF1234567890}.Release|Any CPU.ActiveCfg = Release|Any CPU
		{A1B2C3D4-E5F6-7890-ABCD-EF1234567890}.Release|Any CPU.Build.0 = Release|Any CPU
		{B2C3D4E5-F6G7-8901-BCDE-F23456789012}.Debug|Any CPU.ActiveCfg = Debug|Any CPU
		{B2C3D4E5-F6G7-8901-BCDE-F23456789012}.Debug|Any CPU.Build.0 = Debug|Any CPU
		{B2C3D4E5-F6G7-8901-BCDE-F23456789012}.Release|Any CPU.ActiveCfg = Release|Any CPU
		{B2C3D4E5-F6G7-8901-BCDE-F23456789012}.Release|Any CPU.Build.0 = Release|Any CPU
		{C3D4E5F6-G7H8-9012-CDEF-345678901234}.Debug|Any CPU.ActiveCfg = Debug|Any CPU
		{C3D4E5F6-G7H8-9012-CDEF-345678901234}.Debug|Any CPU.Build.0 = Debug|Any CPU
		{C3D4E5F6-G7H8-9012-CDEF-345678901234}.Release|Any CPU.ActiveCfg = Release|Any CPU
		{C3D4E5F6-G7H8-9012-CDEF-345678901234}.Release|Any CPU.Build.0 = Release|Any CPU
		{D4E5F6G7-H8I9-0123-DEF4-456789012345}.Debug|Any CPU.ActiveCfg = Debug|Any CPU
		{D4E5F6G7-H8I9-0123-DEF4-456789012345}.Debug|Any CPU.Build.0 = Debug|Any CPU
		{D4E5F6G7-H8I9-0123-DEF4-456789012345}.Release|Any CPU.ActiveCfg = Release|Any CPU
		{D4E5F6G7-H8I9-0123-DEF4-456789012345}.Release|Any CPU.Build.0 = Release|Any CPU
		{E5F6G7H8-I9J0-1234-EF56-567890123456}.Debug|Any CPU.ActiveCfg = Debug|Any CPU
		{E5F6G7H8-I9J0-1234-EF56-567890123456}.Debug|Any CPU.Build.0 = Debug|Any CPU
		{E5F6G7H8-I9J0-1234-EF56-567890123456}.Release|Any CPU.ActiveCfg = Release|Any CPU
		{E5F6G7H8-I9J0-1234-EF56-567890123456}.Release|Any CPU.Build.0 = Release|Any CPU
		{F6G7H8I9-J0K1-2345-F67A-678901234567}.Debug|Any CPU.ActiveCfg = Debug|Any CPU
		{F6G7H8I9-J0K1-2345-F67A-678901234567}.Debug|Any CPU.Build.0 = Debug|Any CPU
		{F6G7H8I9-J0K1-2345-F67A-678901234567}.Release|Any CPU.ActiveCfg = Release|Any CPU
		{F6G7H8I9-J0K1-2345-F67A-678901234567}.Release|Any CPU.Build.0 = Release|Any CPU
		{G7H8I9J0-K1L2-3456-78AB-789012345678}.Debug|Any CPU.ActiveCfg = Debug|Any CPU
		{G7H8I9J0-K1L2-3456-78AB-789012345678}.Debug|Any CPU.Build.0 = Debug|Any CPU
		{G7H8I9J0-K1L2-3456-78AB-789012345678}.Release|Any CPU.ActiveCfg = Release|Any CPU
		{G7H8I9J0-K1L2-3456-78AB-789012345678}.Release|Any CPU.Build.0 = Release|Any CPU
		{H8I9J0K1-L2M3-4567-89BC-890123456789}.Debug|Any CPU.ActiveCfg = Debug|Any CPU
		{H8I9J0K1-L2M3-4567-89BC-890123456789}.Debug|Any CPU.Build.0 = Debug|Any CPU
		{H8I9J0K1-L2M3-4567-89BC-890123456789}.Release|Any CPU.ActiveCfg = Release|Any CPU
		{H8I9J0K1-L2M3-4567-89BC-890123456789}.Release|Any CPU.Build.0 = Release|Any CPU
		{I9J0K1L2-M3N4-5678-9ACD-901234567890}.Debug|Any CPU.ActiveCfg = Debug|Any CPU
		{I9J0K1L2-M3N4-5678-9ACD-901234567890}.Debug|Any CPU.Build.0 = Debug|Any CPU
		{I9J0K1L2-M3N4-5678-9ACD-901234567890}.Release|Any CPU.ActiveCfg = Release|Any CPU
		{I9J0K1L2-M3N4-5678-9ACD-901234567890}.Release|Any CPU.Build.0 = Release|Any CPU
		{J0K1L2M3-N4O5-6789-ABDE-012345678901}.Debug|Any CPU.ActiveCfg = Debug|Any CPU
		{J0K1L2M3-N4O5-6789-ABDE-012345678901}.Debug|Any CPU.Build.0 = Debug|Any CPU
		{J0K1L2M3-N4O5-6789-ABDE-012345678901}.Release|Any CPU.ActiveCfg = Release|Any CPU
		{J0K1L2M3-N4O5-6789-ABDE-012345678901}.Release|Any CPU.Build.0 = Release|Any CPU
	EndGlobalSection
EndGlobal
